
Microsoft Visual Studio Solution File, Format Version 12.00
# Visual Studio 15
VisualStudioVersion = 15.0.28010.2016
MinimumVisualStudioVersion = 10.0.40219.1
Project("{FAE04EC0-301F-11D3-BF4B-00C04F79EFBC}") = "pause menu", "pause menu\pause menu.csproj", "{2A909174-6347-459E-B76E-4E0FB36453D2}"
EndProject
Global
	GlobalSection(SolutionConfigurationPlatforms) = preSolution
		Debug|Any CPU = Debug|Any CPU
		Release|Any CPU = Release|Any CPU
	EndGlobalSection
	GlobalSection(ProjectConfigurationPlatforms) = postSolution
		{2A909174-6347-459E-B76E-4E0FB36453D2}.Debug|Any CPU.ActiveCfg = Debug|Any CPU
		{2A909174-6347-459E-B76E-4E0FB36453D2}.Debug|Any CPU.Build.0 = Debug|Any CPU
		{2A909174-6347-459E-B76E-4E0FB36453D2}.Release|Any CPU.ActiveCfg = Release|Any CPU
		{2A909174-6347-459E-B76E-4E0FB36453D2}.Release|Any CPU.Build.0 = Release|Any CPU
	EndGlobalSection
	GlobalSection(SolutionProperties) = preSolution
		HideSolutionNode = FALSE
	EndGlobalSection
	GlobalSection(ExtensibilityGlobals) = postSolution
		SolutionGuid = {84E2B899-71F9-463A-BC41-2E69969C929A}
	EndGlobalSection
EndGlobal
